
Microsoft Visual Studio Solution File, Format Version 12.00
# Visual Studio Version 17
VisualStudioVersion = 17.5.33627.172
MinimumVisualStudioVersion = 10.0.40219.1
Project("{FAE04EC0-301F-11D3-BF4B-00C04F79EFBC}") = "Projekt_Merfur_War", "Projekt_Merfur_War\Projekt_Merfur_War.csproj", "{43C261E2-412A-4A4F-9946-F91E8FCDAEFC}"
EndProject
Project("{FAE04EC0-301F-11D3-BF4B-00C04F79EFBC}") = "LibCharacters", "LibCharacters\LibCharacters.csproj", "{209C6AFE-0C6A-49BC-8F2C-BA6625A8E9D6}"
EndProject
Global
	GlobalSection(SolutionConfigurationPlatforms) = preSolution
		Debug|Any CPU = Debug|Any CPU
		Release|Any CPU = Release|Any CPU
	EndGlobalSection
	GlobalSection(ProjectConfigurationPlatforms) = postSolution
		{43C261E2-412A-4A4F-9946-F91E8FCDAEFC}.Debug|Any CPU.ActiveCfg = Debug|Any CPU
		{43C261E2-412A-4A4F-9946-F91E8FCDAEFC}.Debug|Any CPU.Build.0 = Debug|Any CPU
		{43C261E2-412A-4A4F-9946-F91E8FCDAEFC}.Release|Any CPU.ActiveCfg = Release|Any CPU
		{43C261E2-412A-4A4F-9946-F91E8FCDAEFC}.Release|Any CPU.Build.0 = Release|Any CPU
		{209C6AFE-0C6A-49BC-8F2C-BA6625A8E9D6}.Debug|Any CPU.ActiveCfg = Debug|Any CPU
		{209C6AFE-0C6A-49BC-8F2C-BA6625A8E9D6}.Debug|Any CPU.Build.0 = Debug|Any CPU
		{209C6AFE-0C6A-49BC-8F2C-BA6625A8E9D6}.Release|Any CPU.ActiveCfg = Release|Any CPU
		{209C6AFE-0C6A-49BC-8F2C-BA6625A8E9D6}.Release|Any CPU.Build.0 = Release|Any CPU
	EndGlobalSection
	GlobalSection(SolutionProperties) = preSolution
		HideSolutionNode = FALSE
	EndGlobalSection
	GlobalSection(ExtensibilityGlobals) = postSolution
		SolutionGuid = {7A561697-A71F-4779-AA84-7425BF56C378}
	EndGlobalSection
EndGlobal
